
Microsoft Visual Studio Solution File, Format Version 12.00
# Visual Studio Version 17
VisualStudioVersion = 17.11.35327.3
MinimumVisualStudioVersion = 10.0.40219.1
Project("{FAE04EC0-301F-11D3-BF4B-00C04F79EFBC}") = "ConsoleApp19.5.b", "ConsoleApp19.5.b.csproj", "{C0CAF151-631D-4431-90C9-E41A9F75333A}"
EndProject
Global
	GlobalSection(SolutionConfigurationPlatforms) = preSolution
		Debug|Any CPU = Debug|Any CPU
		Release|Any CPU = Release|Any CPU
	EndGlobalSection
	GlobalSection(ProjectConfigurationPlatforms) = postSolution
		{C0CAF151-631D-4431-90C9-E41A9F75333A}.Debug|Any CPU.ActiveCfg = Debug|Any CPU
		{C0CAF151-631D-4431-90C9-E41A9F75333A}.Debug|Any CPU.Build.0 = Debug|Any CPU
		{C0CAF151-631D-4431-90C9-E41A9F75333A}.Release|Any CPU.ActiveCfg = Release|Any CPU
		{C0CAF151-631D-4431-90C9-E41A9F75333A}.Release|Any CPU.Build.0 = Release|Any CPU
	EndGlobalSection
	GlobalSection(SolutionProperties) = preSolution
		HideSolutionNode = FALSE
	EndGlobalSection
	GlobalSection(ExtensibilityGlobals) = postSolution
		SolutionGuid = {6B74A5DE-3586-4EAF-AD9D-A7904384EB2A}
	EndGlobalSection
EndGlobal
